// !$*UTF8*$!
{
	archiveVersion = 1;
	classes = {
	};
	objectVersion = 46;
	objects = {

/* Begin PBXBuildFile section */
		95E8E2081F3855A1001189C5 /* AppDelegate.swift in Sources */ = {isa = PBXBuildFile; fileRef = 95E8E2071F3855A1001189C5 /* AppDelegate.swift */; };
		95E8E20A1F3855A1001189C5 /* ViewController.swift in Sources */ = {isa = PBXBuildFile; fileRef = 95E8E2091F3855A1001189C5 /* ViewController.swift */; };
		95E8E20D1F3855A1001189C5 /* Main.storyboard in Resources */ = {isa = PBXBuildFile; fileRef = 95E8E20B1F3855A1001189C5 /* Main.storyboard */; };
		95E8E20F1F3855A1001189C5 /* Assets.xcassets in Resources */ = {isa = PBXBuildFile; fileRef = 95E8E20E1F3855A1001189C5 /* Assets.xcassets */; };
		95E8E2121F3855A1001189C5 /* LaunchScreen.storyboard in Resources */ = {isa = PBXBuildFile; fileRef = 95E8E2101F3855A1001189C5 /* LaunchScreen.storyboard */; };
		95E8E21C1F385725001189C5 /* MainListViewController.swift in Sources */ = {isa = PBXBuildFile; fileRef = 95E8E21B1F385725001189C5 /* MainListViewController.swift */; };
		95E8E21E1F38590D001189C5 /* MainListTableViewCell.swift in Sources */ = {isa = PBXBuildFile; fileRef = 95E8E21D1F38590D001189C5 /* MainListTableViewCell.swift */; };
		95E8E2411F38634F001189C5 /* MasterViewController.swift in Sources */ = {isa = PBXBuildFile; fileRef = 95E8E23F1F38634F001189C5 /* MasterViewController.swift */; };
		95E8E2421F38634F001189C5 /* DetailViewController.swift in Sources */ = {isa = PBXBuildFile; fileRef = 95E8E2401F38634F001189C5 /* DetailViewController.swift */; };
		E552DD9B1F3D6145008263EE /* PostModalViewController.swift in Sources */ = {isa = PBXBuildFile; fileRef = E552DD9A1F3D6145008263EE /* PostModalViewController.swift */; };
		E552DD9D1F3D7014008263EE /* SegmentViewController.swift in Sources */ = {isa = PBXBuildFile; fileRef = E552DD9C1F3D7014008263EE /* SegmentViewController.swift */; };
		E552DDA01F3D807B008263EE /* LogInViewController.swift in Sources */ = {isa = PBXBuildFile; fileRef = E552DD9F1F3D807B008263EE /* LogInViewController.swift */; };
		E552DDA21F3DA048008263EE /* MessageLoginViewController.swift in Sources */ = {isa = PBXBuildFile; fileRef = E552DDA11F3DA048008263EE /* MessageLoginViewController.swift */; };
		E552DDA61F3DA1CA008263EE /* GoogleService-Info.plist in Resources */ = {isa = PBXBuildFile; fileRef = E552DDA51F3DA1CA008263EE /* GoogleService-Info.plist */; };
		E5F0D50F1F3C590F001AE002 /* PostViewController.swift in Sources */ = {isa = PBXBuildFile; fileRef = E5F0D50E1F3C590F001AE002 /* PostViewController.swift */; };
		ED2B80131F396D8200AFB169 /* MapViewController.swift in Sources */ = {isa = PBXBuildFile; fileRef = ED2B80121F396D8200AFB169 /* MapViewController.swift */; };
/* End PBXBuildFile section */

/* Begin PBXFileReference section */
		95E8E2041F3855A1001189C5 /* 심부름 목록_Sample.app */ = {isa = PBXFileReference; explicitFileType = wrapper.application; includeInIndex = 0; path = "심부름 목록_Sample.app"; sourceTree = BUILT_PRODUCTS_DIR; };
		95E8E2071F3855A1001189C5 /* AppDelegate.swift */ = {isa = PBXFileReference; lastKnownFileType = sourcecode.swift; path = AppDelegate.swift; sourceTree = "<group>"; };
		95E8E2091F3855A1001189C5 /* ViewController.swift */ = {isa = PBXFileReference; lastKnownFileType = sourcecode.swift; path = ViewController.swift; sourceTree = "<group>"; };
		95E8E20C1F3855A1001189C5 /* Base */ = {isa = PBXFileReference; lastKnownFileType = file.storyboard; name = Base; path = Base.lproj/Main.storyboard; sourceTree = "<group>"; };
		95E8E20E1F3855A1001189C5 /* Assets.xcassets */ = {isa = PBXFileReference; lastKnownFileType = folder.assetcatalog; path = Assets.xcassets; sourceTree = "<group>"; };
		95E8E2111F3855A1001189C5 /* Base */ = {isa = PBXFileReference; lastKnownFileType = file.storyboard; name = Base; path = Base.lproj/LaunchScreen.storyboard; sourceTree = "<group>"; };
		95E8E2131F3855A1001189C5 /* Info.plist */ = {isa = PBXFileReference; lastKnownFileType = text.plist.xml; path = Info.plist; sourceTree = "<group>"; };
		95E8E21B1F385725001189C5 /* MainListViewController.swift */ = {isa = PBXFileReference; fileEncoding = 4; lastKnownFileType = sourcecode.swift; path = MainListViewController.swift; sourceTree = "<group>"; };
		95E8E21D1F38590D001189C5 /* MainListTableViewCell.swift */ = {isa = PBXFileReference; fileEncoding = 4; lastKnownFileType = sourcecode.swift; path = MainListTableViewCell.swift; sourceTree = "<group>"; };
		95E8E23F1F38634F001189C5 /* MasterViewController.swift */ = {isa = PBXFileReference; fileEncoding = 4; lastKnownFileType = sourcecode.swift; path = MasterViewController.swift; sourceTree = "<group>"; };
		95E8E2401F38634F001189C5 /* DetailViewController.swift */ = {isa = PBXFileReference; fileEncoding = 4; lastKnownFileType = sourcecode.swift; path = DetailViewController.swift; sourceTree = "<group>"; };
		E552DD9A1F3D6145008263EE /* PostModalViewController.swift */ = {isa = PBXFileReference; fileEncoding = 4; lastKnownFileType = sourcecode.swift; path = PostModalViewController.swift; sourceTree = "<group>"; };
		E552DD9C1F3D7014008263EE /* SegmentViewController.swift */ = {isa = PBXFileReference; fileEncoding = 4; lastKnownFileType = sourcecode.swift; path = SegmentViewController.swift; sourceTree = "<group>"; };
		E552DD9F1F3D807B008263EE /* LogInViewController.swift */ = {isa = PBXFileReference; fileEncoding = 4; lastKnownFileType = sourcecode.swift; path = LogInViewController.swift; sourceTree = "<group>"; };
		E552DDA11F3DA048008263EE /* MessageLoginViewController.swift */ = {isa = PBXFileReference; fileEncoding = 4; lastKnownFileType = sourcecode.swift; path = MessageLoginViewController.swift; sourceTree = "<group>"; };
		E552DDA51F3DA1CA008263EE /* GoogleService-Info.plist */ = {isa = PBXFileReference; fileEncoding = 4; lastKnownFileType = text.plist.xml; path = "GoogleService-Info.plist"; sourceTree = "<group>"; };
		E5F0D50E1F3C590F001AE002 /* PostViewController.swift */ = {isa = PBXFileReference; fileEncoding = 4; lastKnownFileType = sourcecode.swift; path = PostViewController.swift; sourceTree = "<group>"; };
		ED2B80121F396D8200AFB169 /* MapViewController.swift */ = {isa = PBXFileReference; fileEncoding = 4; lastKnownFileType = sourcecode.swift; path = MapViewController.swift; sourceTree = "<group>"; };
/* End PBXFileReference section */

/* Begin PBXFrameworksBuildPhase section */
		95E8E2011F3855A1001189C5 /* Frameworks */ = {
			isa = PBXFrameworksBuildPhase;
			buildActionMask = 2147483647;
			files = (
			);
			runOnlyForDeploymentPostprocessing = 0;
		};
/* End PBXFrameworksBuildPhase section */

/* Begin PBXGroup section */
		95E8E1FB1F3855A1001189C5 = {
			isa = PBXGroup;
			children = (
				E552DDA31F3DA04D008263EE /* message */,
				E552DDA41F3DA05F008263EE /* login */,
				E552DD9E1F3D7019008263EE /* Segment */,
				E5F0D5111F3C5935001AE002 /* main */,
				E5F0D5101F3C592A001AE002 /* post */,
				E5F0D5121F3C594C001AE002 /* map */,
				95E8E23F1F38634F001189C5 /* MasterViewController.swift */,
				95E8E2401F38634F001189C5 /* DetailViewController.swift */,
				95E8E2061F3855A1001189C5 /* 심부름 목록_Sample */,
				95E8E2051F3855A1001189C5 /* Products */,
			);
			sourceTree = "<group>";
		};
		95E8E2051F3855A1001189C5 /* Products */ = {
			isa = PBXGroup;
			children = (
				95E8E2041F3855A1001189C5 /* 심부름 목록_Sample.app */,
			);
			name = Products;
			sourceTree = "<group>";
		};
		95E8E2061F3855A1001189C5 /* 심부름 목록_Sample */ = {
			isa = PBXGroup;
			children = (
				95E8E2071F3855A1001189C5 /* AppDelegate.swift */,
				95E8E2091F3855A1001189C5 /* ViewController.swift */,
				95E8E20B1F3855A1001189C5 /* Main.storyboard */,
				E552DDA51F3DA1CA008263EE /* GoogleService-Info.plist */,
				95E8E20E1F3855A1001189C5 /* Assets.xcassets */,
				95E8E2101F3855A1001189C5 /* LaunchScreen.storyboard */,
				95E8E2131F3855A1001189C5 /* Info.plist */,
			);
			path = "심부름 목록_Sample";
			sourceTree = "<group>";
		};
		E552DD9E1F3D7019008263EE /* Segment */ = {
			isa = PBXGroup;
			children = (
				E552DD9C1F3D7014008263EE /* SegmentViewController.swift */,
			);
			name = Segment;
			sourceTree = "<group>";
		};
		E552DDA31F3DA04D008263EE /* message */ = {
			isa = PBXGroup;
			children = (
				E552DDA11F3DA048008263EE /* MessageLoginViewController.swift */,
			);
			name = message;
			sourceTree = "<group>";
		};
		E552DDA41F3DA05F008263EE /* login */ = {
			isa = PBXGroup;
			children = (
				E552DD9F1F3D807B008263EE /* LogInViewController.swift */,
			);
			name = login;
			sourceTree = "<group>";
		};
		E5F0D5101F3C592A001AE002 /* post */ = {
			isa = PBXGroup;
			children = (
				E5F0D50E1F3C590F001AE002 /* PostViewController.swift */,
				E552DD9A1F3D6145008263EE /* PostModalViewController.swift */,
			);
			name = post;
			sourceTree = "<group>";
		};
		E5F0D5111F3C5935001AE002 /* main */ = {
			isa = PBXGroup;
			children = (
				95E8E21D1F38590D001189C5 /* MainListTableViewCell.swift */,
				95E8E21B1F385725001189C5 /* MainListViewController.swift */,
			);
			name = main;
			sourceTree = "<group>";
		};
		E5F0D5121F3C594C001AE002 /* map */ = {
			isa = PBXGroup;
			children = (
				ED2B80121F396D8200AFB169 /* MapViewController.swift */,
			);
			name = map;
			sourceTree = "<group>";
		};
/* End PBXGroup section */

/* Begin PBXNativeTarget section */
		95E8E2031F3855A1001189C5 /* 심부름 목록_Sample */ = {
			isa = PBXNativeTarget;
			buildConfigurationList = 95E8E2161F3855A1001189C5 /* Build configuration list for PBXNativeTarget "심부름 목록_Sample" */;
			buildPhases = (
				95E8E2001F3855A1001189C5 /* Sources */,
				95E8E2011F3855A1001189C5 /* Frameworks */,
				95E8E2021F3855A1001189C5 /* Resources */,
			);
			buildRules = (
			);
			dependencies = (
			);
			name = "심부름 목록_Sample";
			productName = "심부름 목록_Sample";
			productReference = 95E8E2041F3855A1001189C5 /* 심부름 목록_Sample.app */;
			productType = "com.apple.product-type.application";
		};
/* End PBXNativeTarget section */

/* Begin PBXProject section */
		95E8E1FC1F3855A1001189C5 /* Project object */ = {
			isa = PBXProject;
			attributes = {
				LastSwiftUpdateCheck = 0820;
				LastUpgradeCheck = 0820;
				ORGANIZATIONNAME = "연습용";
				TargetAttributes = {
					95E8E2031F3855A1001189C5 = {
						CreatedOnToolsVersion = 8.2.1;
						ProvisioningStyle = Automatic;
					};
				};
			};
			buildConfigurationList = 95E8E1FF1F3855A1001189C5 /* Build configuration list for PBXProject "심부름 목록_Sample" */;
			compatibilityVersion = "Xcode 3.2";
			developmentRegion = English;
			hasScannedForEncodings = 0;
			knownRegions = (
				en,
				Base,
			);
			mainGroup = 95E8E1FB1F3855A1001189C5;
			productRefGroup = 95E8E2051F3855A1001189C5 /* Products */;
			projectDirPath = "";
			projectRoot = "";
			targets = (
				95E8E2031F3855A1001189C5 /* 심부름 목록_Sample */,
			);
		};
/* End PBXProject section */

/* Begin PBXResourcesBuildPhase section */
		95E8E2021F3855A1001189C5 /* Resources */ = {
			isa = PBXResourcesBuildPhase;
			buildActionMask = 2147483647;
			files = (
				95E8E2121F3855A1001189C5 /* LaunchScreen.storyboard in Resources */,
				E552DDA61F3DA1CA008263EE /* GoogleService-Info.plist in Resources */,
				95E8E20F1F3855A1001189C5 /* Assets.xcassets in Resources */,
				95E8E20D1F3855A1001189C5 /* Main.storyboard in Resources */,
			);
			runOnlyForDeploymentPostprocessing = 0;
		};
/* End PBXResourcesBuildPhase section */

/* Begin PBXSourcesBuildPhase section */
		95E8E2001F3855A1001189C5 /* Sources */ = {
			isa = PBXSourcesBuildPhase;
			buildActionMask = 2147483647;
			files = (
				E552DDA21F3DA048008263EE /* MessageLoginViewController.swift in Sources */,
				E5F0D50F1F3C590F001AE002 /* PostViewController.swift in Sources */,
				E552DD9B1F3D6145008263EE /* PostModalViewController.swift in Sources */,
				E552DDA01F3D807B008263EE /* LogInViewController.swift in Sources */,
				E552DD9D1F3D7014008263EE /* SegmentViewController.swift in Sources */,
				95E8E2411F38634F001189C5 /* MasterViewController.swift in Sources */,
				95E8E20A1F3855A1001189C5 /* ViewController.swift in Sources */,
				95E8E2081F3855A1001189C5 /* AppDelegate.swift in Sources */,
				95E8E2421F38634F001189C5 /* DetailViewController.swift in Sources */,
				95E8E21C1F385725001189C5 /* MainListViewController.swift in Sources */,
				95E8E21E1F38590D001189C5 /* MainListTableViewCell.swift in Sources */,
				ED2B80131F396D8200AFB169 /* MapViewController.swift in Sources */,
			);
			runOnlyForDeploymentPostprocessing = 0;
		};
/* End PBXSourcesBuildPhase section */

/* Begin PBXVariantGroup section */
		95E8E20B1F3855A1001189C5 /* Main.storyboard */ = {
			isa = PBXVariantGroup;
			children = (
				95E8E20C1F3855A1001189C5 /* Base */,
			);
			name = Main.storyboard;
			sourceTree = "<group>";
		};
		95E8E2101F3855A1001189C5 /* LaunchScreen.storyboard */ = {
			isa = PBXVariantGroup;
			children = (
				95E8E2111F3855A1001189C5 /* Base */,
			);
			name = LaunchScreen.storyboard;
			sourceTree = "<group>";
		};
/* End PBXVariantGroup section */

/* Begin XCBuildConfiguration section */
		95E8E2141F3855A1001189C5 /* Debug */ = {
			isa = XCBuildConfiguration;
			buildSettings = {
				ALWAYS_SEARCH_USER_PATHS = NO;
				CLANG_ANALYZER_NONNULL = YES;
				CLANG_CXX_LANGUAGE_STANDARD = "gnu++0x";
				CLANG_CXX_LIBRARY = "libc++";
				CLANG_ENABLE_MODULES = YES;
				CLANG_ENABLE_OBJC_ARC = YES;
				CLANG_WARN_BOOL_CONVERSION = YES;
				CLANG_WARN_CONSTANT_CONVERSION = YES;
				CLANG_WARN_DIRECT_OBJC_ISA_USAGE = YES_ERROR;
				CLANG_WARN_DOCUMENTATION_COMMENTS = YES;
				CLANG_WARN_EMPTY_BODY = YES;
				CLANG_WARN_ENUM_CONVERSION = YES;
				CLANG_WARN_INFINITE_RECURSION = YES;
				CLANG_WARN_INT_CONVERSION = YES;
				CLANG_WARN_OBJC_ROOT_CLASS = YES_ERROR;
				CLANG_WARN_SUSPICIOUS_MOVE = YES;
				CLANG_WARN_UNREACHABLE_CODE = YES;
				CLANG_WARN__DUPLICATE_METHOD_MATCH = YES;
				"CODE_SIGN_IDENTITY[sdk=iphoneos*]" = "iPhone Developer";
				COPY_PHASE_STRIP = NO;
				DEBUG_INFORMATION_FORMAT = dwarf;
				ENABLE_STRICT_OBJC_MSGSEND = YES;
				ENABLE_TESTABILITY = YES;
				GCC_C_LANGUAGE_STANDARD = gnu99;
				GCC_DYNAMIC_NO_PIC = NO;
				GCC_NO_COMMON_BLOCKS = YES;
				GCC_OPTIMIZATION_LEVEL = 0;
				GCC_PREPROCESSOR_DEFINITIONS = (
					"DEBUG=1",
					"$(inherited)",
				);
				GCC_WARN_64_TO_32_BIT_CONVERSION = YES;
				GCC_WARN_ABOUT_RETURN_TYPE = YES_ERROR;
				GCC_WARN_UNDECLARED_SELECTOR = YES;
				GCC_WARN_UNINITIALIZED_AUTOS = YES_AGGRESSIVE;
				GCC_WARN_UNUSED_FUNCTION = YES;
				GCC_WARN_UNUSED_VARIABLE = YES;
				IPHONEOS_DEPLOYMENT_TARGET = 10.2;
				MTL_ENABLE_DEBUG_INFO = YES;
				ONLY_ACTIVE_ARCH = YES;
				SDKROOT = iphoneos;
				SWIFT_ACTIVE_COMPILATION_CONDITIONS = DEBUG;
				SWIFT_OPTIMIZATION_LEVEL = "-Onone";
				TARGETED_DEVICE_FAMILY = "1,2";
			};
			name = Debug;
		};
		95E8E2151F3855A1001189C5 /* Release */ = {
			isa = XCBuildConfiguration;
			buildSettings = {
				ALWAYS_SEARCH_USER_PATHS = NO;
				CLANG_ANALYZER_NONNULL = YES;
				CLANG_CXX_LANGUAGE_STANDARD = "gnu++0x";
				CLANG_CXX_LIBRARY = "libc++";
				CLANG_ENABLE_MODULES = YES;
				CLANG_ENABLE_OBJC_ARC = YES;
				CLANG_WARN_BOOL_CONVERSION = YES;
				CLANG_WARN_CONSTANT_CONVERSION = YES;
				CLANG_WARN_DIRECT_OBJC_ISA_USAGE = YES_ERROR;
				CLANG_WARN_DOCUMENTATION_COMMENTS = YES;
				CLANG_WARN_EMPTY_BODY = YES;
				CLANG_WARN_ENUM_CONVERSION = YES;
				CLANG_WARN_INFINITE_RECURSION = YES;
				CLANG_WARN_INT_CONVERSION = YES;
				CLANG_WARN_OBJC_ROOT_CLASS = YES_ERROR;
				CLANG_WARN_SUSPICIOUS_MOVE = YES;
				CLANG_WARN_UNREACHABLE_CODE = YES;
				CLANG_WARN__DUPLICATE_METHOD_MATCH = YES;
				"CODE_SIGN_IDENTITY[sdk=iphoneos*]" = "iPhone Developer";
				COPY_PHASE_STRIP = NO;
				DEBUG_INFORMATION_FORMAT = "dwarf-with-dsym";
				ENABLE_NS_ASSERTIONS = NO;
				ENABLE_STRICT_OBJC_MSGSEND = YES;
				GCC_C_LANGUAGE_STANDARD = gnu99;
				GCC_NO_COMMON_BLOCKS = YES;
				GCC_WARN_64_TO_32_BIT_CONVERSION = YES;
				GCC_WARN_ABOUT_RETURN_TYPE = YES_ERROR;
				GCC_WARN_UNDECLARED_SELECTOR = YES;
				GCC_WARN_UNINITIALIZED_AUTOS = YES_AGGRESSIVE;
				GCC_WARN_UNUSED_FUNCTION = YES;
				GCC_WARN_UNUSED_VARIABLE = YES;
				IPHONEOS_DEPLOYMENT_TARGET = 10.2;
				MTL_ENABLE_DEBUG_INFO = NO;
				SDKROOT = iphoneos;
				SWIFT_OPTIMIZATION_LEVEL = "-Owholemodule";
				TARGETED_DEVICE_FAMILY = "1,2";
				VALIDATE_PRODUCT = YES;
			};
			name = Release;
		};
		95E8E2171F3855A1001189C5 /* Debug */ = {
			isa = XCBuildConfiguration;
			buildSettings = {
				ASSETCATALOG_COMPILER_APPICON_NAME = AppIcon;
				INFOPLIST_FILE = "심부름 목록_Sample/Info.plist";
				LD_RUNPATH_SEARCH_PATHS = "$(inherited) @executable_path/Frameworks";
				PRODUCT_BUNDLE_IDENTIFIER = "kr.ac.korea.----------------Sample";
				PRODUCT_NAME = "$(TARGET_NAME)";
				SWIFT_VERSION = 3.0;
			};
			name = Debug;
		};
		95E8E2181F3855A1001189C5 /* Release */ = {
			isa = XCBuildConfiguration;
			buildSettings = {
				ASSETCATALOG_COMPILER_APPICON_NAME = AppIcon;
				INFOPLIST_FILE = "심부름 목록_Sample/Info.plist";
				LD_RUNPATH_SEARCH_PATHS = "$(inherited) @executable_path/Frameworks";
				PRODUCT_BUNDLE_IDENTIFIER = "kr.ac.korea.----------------Sample";
				PRODUCT_NAME = "$(TARGET_NAME)";
				SWIFT_VERSION = 3.0;
			};
			name = Release;
		};
/* End XCBuildConfiguration section */

/* Begin XCConfigurationList section */
		95E8E1FF1F3855A1001189C5 /* Build configuration list for PBXProject "심부름 목록_Sample" */ = {
			isa = XCConfigurationList;
			buildConfigurations = (
				95E8E2141F3855A1001189C5 /* Debug */,
				95E8E2151F3855A1001189C5 /* Release */,
			);
			defaultConfigurationIsVisible = 0;
			defaultConfigurationName = Release;
		};
		95E8E2161F3855A1001189C5 /* Build configuration list for PBXNativeTarget "심부름 목록_Sample" */ = {
			isa = XCConfigurationList;
			buildConfigurations = (
				95E8E2171F3855A1001189C5 /* Debug */,
				95E8E2181F3855A1001189C5 /* Release */,
			);
			defaultConfigurationIsVisible = 0;
			defaultConfigurationName = Release;
		};
/* End XCConfigurationList section */
	};
	rootObject = 95E8E1FC1F3855A1001189C5 /* Project object */;
}
